
Microsoft Visual Studio Solution File, Format Version 12.00
# Visual Studio 15
VisualStudioVersion = 15.0.27130.2027
MinimumVisualStudioVersion = 10.0.40219.1
Project("{9A19103F-16F7-4668-BE54-9A1E7A4F7556}") = "BloggingApp", "BloggingApp\BloggingApp.csproj", "{4CB4EB2B-D219-4237-ACF9-38EA55D1BBF2}"
EndProject
Project("{9A19103F-16F7-4668-BE54-9A1E7A4F7556}") = "BloggingApp.Tests", "BloggingApp.Tests\BloggingApp.Tests.csproj", "{19B9F566-197A-4A15-BC7A-5CC2497B1161}"
EndProject
Global
	GlobalSection(SolutionConfigurationPlatforms) = preSolution
		Debug|Any CPU = Debug|Any CPU
		Release|Any CPU = Release|Any CPU
	EndGlobalSection
	GlobalSection(ProjectConfigurationPlatforms) = postSolution
		{4CB4EB2B-D219-4237-ACF9-38EA55D1BBF2}.Debug|Any CPU.ActiveCfg = Debug|Any CPU
		{4CB4EB2B-D219-4237-ACF9-38EA55D1BBF2}.Debug|Any CPU.Build.0 = Debug|Any CPU
		{4CB4EB2B-D219-4237-ACF9-38EA55D1BBF2}.Release|Any CPU.ActiveCfg = Release|Any CPU
		{4CB4EB2B-D219-4237-ACF9-38EA55D1BBF2}.Release|Any CPU.Build.0 = Release|Any CPU
		{19B9F566-197A-4A15-BC7A-5CC2497B1161}.Debug|Any CPU.ActiveCfg = Debug|Any CPU
		{19B9F566-197A-4A15-BC7A-5CC2497B1161}.Debug|Any CPU.Build.0 = Debug|Any CPU
		{19B9F566-197A-4A15-BC7A-5CC2497B1161}.Release|Any CPU.ActiveCfg = Release|Any CPU
		{19B9F566-197A-4A15-BC7A-5CC2497B1161}.Release|Any CPU.Build.0 = Release|Any CPU
	EndGlobalSection
	GlobalSection(SolutionProperties) = preSolution
		HideSolutionNode = FALSE
	EndGlobalSection
	GlobalSection(ExtensibilityGlobals) = postSolution
		SolutionGuid = {2AB76EEC-60F4-4CD1-8A3F-CAF5B7AB8917}
	EndGlobalSection
EndGlobal
